
Microsoft Visual Studio Solution File, Format Version 12.00
# Visual Studio Version 17
VisualStudioVersion = 17.4.33122.133
MinimumVisualStudioVersion = 10.0.40219.1
Project("{2150E333-8FDC-42A3-9474-1A3956D46DE8}") = "Solution Items", "Solution Items", "{05F9FA9A-E40D-49B3-A0C2-F92B60CE24D8}"
	ProjectSection(SolutionItems) = preProject
		Readme.md = Readme.md
	EndProjectSection
EndProject
Project("{2150E333-8FDC-42A3-9474-1A3956D46DE8}") = "src", "src", "{FC23C3FA-E9E9-469B-9E22-209C66FB413B}"
EndProject
Project("{2150E333-8FDC-42A3-9474-1A3956D46DE8}") = "API", "API", "{2D5CED1F-3AAF-43C0-BC20-D441B9408A8B}"
EndProject
Project("{2150E333-8FDC-42A3-9474-1A3956D46DE8}") = "Services", "Services", "{934FD509-38CF-417D-9762-A796E11D7819}"
EndProject
Project("{2150E333-8FDC-42A3-9474-1A3956D46DE8}") = "Contexts", "Contexts", "{8E0B454A-9458-4851-AC1E-AB5215512FBE}"
EndProject
Project("{2150E333-8FDC-42A3-9474-1A3956D46DE8}") = "Repositories", "Repositories", "{7CADF5D1-56C2-48A5-AC2D-01C2663AF63B}"
EndProject
Project("{2150E333-8FDC-42A3-9474-1A3956D46DE8}") = "Utils", "Utils", "{71B8D9CA-04F6-4E82-9B95-6410F5B60A7B}"
EndProject
Project("{2150E333-8FDC-42A3-9474-1A3956D46DE8}") = "Core", "Core", "{E44FC4D3-EBE9-448C-8DCF-F40BF739C1CC}"
EndProject
Project("{9A19103F-16F7-4668-BE54-9A1E7A4F7556}") = "VPBANK.RMD.EFCore", "VPBANK.RMD.EFCore\VPBANK.RMD.EFCore.csproj", "{E5C4C389-DC80-4B06-AEAE-68B767A86F64}"
EndProject
Project("{9A19103F-16F7-4668-BE54-9A1E7A4F7556}") = "VPBANK.RMD.EFCore.Entities", "VPBANK.RMD.EFCore.Entities\VPBANK.RMD.EFCore.Entities.csproj", "{434C0D36-69D2-4B7F-BFD0-72759DBD99D5}"
EndProject
Project("{9A19103F-16F7-4668-BE54-9A1E7A4F7556}") = "VPBANK.RMD.Data.Auth", "VPBANK.RMD.Data.Auth\VPBANK.RMD.Data.Auth.csproj", "{4A07AA14-D2CD-4B4C-BCB4-F38EC0C8C996}"
EndProject
Project("{9A19103F-16F7-4668-BE54-9A1E7A4F7556}") = "VPBANK.RMD.Repositories.Auth", "VPBANK.RMD.Repositories.Auth\VPBANK.RMD.Repositories.Auth.csproj", "{3761556E-1631-4B3F-94BA-233ED41C8D6B}"
EndProject
Project("{9A19103F-16F7-4668-BE54-9A1E7A4F7556}") = "VPBANK.RMD.Services.Auth", "VPBANK.RMD.Services.Auth\VPBANK.RMD.Services.Auth.csproj", "{588F1259-7DCE-4BE4-AC73-3D28AD2C872D}"
EndProject
Project("{9A19103F-16F7-4668-BE54-9A1E7A4F7556}") = "VPBANK.RMD.Utils.Common", "VPBANK.RMD.Utils.Common\VPBANK.RMD.Utils.Common.csproj", "{271245B5-FAC6-4619-9669-3B665365456E}"
EndProject
Project("{9A19103F-16F7-4668-BE54-9A1E7A4F7556}") = "VPBANK.RMD.Utils.Security", "VPBANK.RMD.Utils.Security\VPBANK.RMD.Utils.Security.csproj", "{EBEB23DF-592F-44DC-90D9-99BECB450E4F}"
EndProject
Project("{9A19103F-16F7-4668-BE54-9A1E7A4F7556}") = "VPBANK.RMD.Utils.AuditLog", "VPBANK.RMD.Utils.AuditLog\VPBANK.RMD.Utils.AuditLog.csproj", "{8EB0D66B-F715-46B9-89F2-C01B1B838892}"
EndProject
Project("{9A19103F-16F7-4668-BE54-9A1E7A4F7556}") = "VPBANK.RMD.Utils.Notification", "VPBANK.RMD.Utils.Notification\VPBANK.RMD.Utils.Notification.csproj", "{74CA410A-0209-417D-AE0D-0BAB9A7BF4E0}"
EndProject
Project("{9A19103F-16F7-4668-BE54-9A1E7A4F7556}") = "VPBANK.RMD.API", "VPBANK.RMD.API\VPBANK.RMD.API.csproj", "{40F7CACA-DF8D-43A2-833F-C5A6F6372C95}"
EndProject
Project("{9A19103F-16F7-4668-BE54-9A1E7A4F7556}") = "VPBANK.RMD.API.Configurations", "VPBANK.RMD.API.Configurations\VPBANK.RMD.API.Configurations.csproj", "{7B1443F7-EF27-4D37-9835-E953F1F0F745}"
EndProject
Project("{9A19103F-16F7-4668-BE54-9A1E7A4F7556}") = "VPBANK.RMD.API.Settings", "VPBANK.RMD.API.Settings\VPBANK.RMD.API.Settings.csproj", "{8E26A108-A74C-40FB-A4D4-6E6CA5B7C19D}"
EndProject
Project("{9A19103F-16F7-4668-BE54-9A1E7A4F7556}") = "VPBANK.RMD.API.Common", "VPBANK.RMD.API.Common\VPBANK.RMD.API.Common.csproj", "{65E2AED9-1E86-4A8D-89DE-5EBF0855E592}"
EndProject
Project("{9A19103F-16F7-4668-BE54-9A1E7A4F7556}") = "VPBANK.RMD.API.Logs", "VPBANK.RMD.API.Logs\VPBANK.RMD.API.Logs.csproj", "{066363FA-B30F-4536-BB13-215FAD3082AE}"
EndProject
Project("{9A19103F-16F7-4668-BE54-9A1E7A4F7556}") = "VPBANK.RMD.Utils.NotiReceiver", "VPBANK.RMD.Utils.NotiReceiver\VPBANK.RMD.Utils.NotiReceiver.csproj", "{B0DB518F-B55B-49F9-A3CC-B1BEFB6F3FDD}"
EndProject
Project("{2150E333-8FDC-42A3-9474-1A3956D46DE8}") = "APICommon", "APICommon", "{A1AA8DE0-69F0-4E4B-8ABA-BAF0F537ECA3}"
EndProject
Global
	GlobalSection(SolutionConfigurationPlatforms) = preSolution
		Debug|Any CPU = Debug|Any CPU
		Release|Any CPU = Release|Any CPU
	EndGlobalSection
	GlobalSection(ProjectConfigurationPlatforms) = postSolution
		{E5C4C389-DC80-4B06-AEAE-68B767A86F64}.Debug|Any CPU.ActiveCfg = Debug|Any CPU
		{E5C4C389-DC80-4B06-AEAE-68B767A86F64}.Debug|Any CPU.Build.0 = Debug|Any CPU
		{E5C4C389-DC80-4B06-AEAE-68B767A86F64}.Release|Any CPU.ActiveCfg = Release|Any CPU
		{E5C4C389-DC80-4B06-AEAE-68B767A86F64}.Release|Any CPU.Build.0 = Release|Any CPU
		{434C0D36-69D2-4B7F-BFD0-72759DBD99D5}.Debug|Any CPU.ActiveCfg = Debug|Any CPU
		{434C0D36-69D2-4B7F-BFD0-72759DBD99D5}.Debug|Any CPU.Build.0 = Debug|Any CPU
		{434C0D36-69D2-4B7F-BFD0-72759DBD99D5}.Release|Any CPU.ActiveCfg = Release|Any CPU
		{434C0D36-69D2-4B7F-BFD0-72759DBD99D5}.Release|Any CPU.Build.0 = Release|Any CPU
		{4A07AA14-D2CD-4B4C-BCB4-F38EC0C8C996}.Debug|Any CPU.ActiveCfg = Debug|Any CPU
		{4A07AA14-D2CD-4B4C-BCB4-F38EC0C8C996}.Debug|Any CPU.Build.0 = Debug|Any CPU
		{4A07AA14-D2CD-4B4C-BCB4-F38EC0C8C996}.Release|Any CPU.ActiveCfg = Release|Any CPU
		{4A07AA14-D2CD-4B4C-BCB4-F38EC0C8C996}.Release|Any CPU.Build.0 = Release|Any CPU
		{3761556E-1631-4B3F-94BA-233ED41C8D6B}.Debug|Any CPU.ActiveCfg = Debug|Any CPU
		{3761556E-1631-4B3F-94BA-233ED41C8D6B}.Debug|Any CPU.Build.0 = Debug|Any CPU
		{3761556E-1631-4B3F-94BA-233ED41C8D6B}.Release|Any CPU.ActiveCfg = Release|Any CPU
		{3761556E-1631-4B3F-94BA-233ED41C8D6B}.Release|Any CPU.Build.0 = Release|Any CPU
		{588F1259-7DCE-4BE4-AC73-3D28AD2C872D}.Debug|Any CPU.ActiveCfg = Debug|Any CPU
		{588F1259-7DCE-4BE4-AC73-3D28AD2C872D}.Debug|Any CPU.Build.0 = Debug|Any CPU
		{588F1259-7DCE-4BE4-AC73-3D28AD2C872D}.Release|Any CPU.ActiveCfg = Release|Any CPU
		{588F1259-7DCE-4BE4-AC73-3D28AD2C872D}.Release|Any CPU.Build.0 = Release|Any CPU
		{271245B5-FAC6-4619-9669-3B665365456E}.Debug|Any CPU.ActiveCfg = Debug|Any CPU
		{271245B5-FAC6-4619-9669-3B665365456E}.Debug|Any CPU.Build.0 = Debug|Any CPU
		{271245B5-FAC6-4619-9669-3B665365456E}.Release|Any CPU.ActiveCfg = Release|Any CPU
		{271245B5-FAC6-4619-9669-3B665365456E}.Release|Any CPU.Build.0 = Release|Any CPU
		{EBEB23DF-592F-44DC-90D9-99BECB450E4F}.Debug|Any CPU.ActiveCfg = Debug|Any CPU
		{EBEB23DF-592F-44DC-90D9-99BECB450E4F}.Debug|Any CPU.Build.0 = Debug|Any CPU
		{EBEB23DF-592F-44DC-90D9-99BECB450E4F}.Release|Any CPU.ActiveCfg = Release|Any CPU
		{EBEB23DF-592F-44DC-90D9-99BECB450E4F}.Release|Any CPU.Build.0 = Release|Any CPU
		{8EB0D66B-F715-46B9-89F2-C01B1B838892}.Debug|Any CPU.ActiveCfg = Debug|Any CPU
		{8EB0D66B-F715-46B9-89F2-C01B1B838892}.Debug|Any CPU.Build.0 = Debug|Any CPU
		{8EB0D66B-F715-46B9-89F2-C01B1B838892}.Release|Any CPU.ActiveCfg = Release|Any CPU
		{8EB0D66B-F715-46B9-89F2-C01B1B838892}.Release|Any CPU.Build.0 = Release|Any CPU
		{74CA410A-0209-417D-AE0D-0BAB9A7BF4E0}.Debug|Any CPU.ActiveCfg = Debug|Any CPU
		{74CA410A-0209-417D-AE0D-0BAB9A7BF4E0}.Debug|Any CPU.Build.0 = Debug|Any CPU
		{74CA410A-0209-417D-AE0D-0BAB9A7BF4E0}.Release|Any CPU.ActiveCfg = Release|Any CPU
		{74CA410A-0209-417D-AE0D-0BAB9A7BF4E0}.Release|Any CPU.Build.0 = Release|Any CPU
		{40F7CACA-DF8D-43A2-833F-C5A6F6372C95}.Debug|Any CPU.ActiveCfg = Debug|Any CPU
		{40F7CACA-DF8D-43A2-833F-C5A6F6372C95}.Debug|Any CPU.Build.0 = Debug|Any CPU
		{40F7CACA-DF8D-43A2-833F-C5A6F6372C95}.Release|Any CPU.ActiveCfg = Release|Any CPU
		{40F7CACA-DF8D-43A2-833F-C5A6F6372C95}.Release|Any CPU.Build.0 = Release|Any CPU
		{7B1443F7-EF27-4D37-9835-E953F1F0F745}.Debug|Any CPU.ActiveCfg = Debug|Any CPU
		{7B1443F7-EF27-4D37-9835-E953F1F0F745}.Debug|Any CPU.Build.0 = Debug|Any CPU
		{7B1443F7-EF27-4D37-9835-E953F1F0F745}.Release|Any CPU.ActiveCfg = Release|Any CPU
		{7B1443F7-EF27-4D37-9835-E953F1F0F745}.Release|Any CPU.Build.0 = Release|Any CPU
		{8E26A108-A74C-40FB-A4D4-6E6CA5B7C19D}.Debug|Any CPU.ActiveCfg = Debug|Any CPU
		{8E26A108-A74C-40FB-A4D4-6E6CA5B7C19D}.Debug|Any CPU.Build.0 = Debug|Any CPU
		{8E26A108-A74C-40FB-A4D4-6E6CA5B7C19D}.Release|Any CPU.ActiveCfg = Release|Any CPU
		{8E26A108-A74C-40FB-A4D4-6E6CA5B7C19D}.Release|Any CPU.Build.0 = Release|Any CPU
		{65E2AED9-1E86-4A8D-89DE-5EBF0855E592}.Debug|Any CPU.ActiveCfg = Debug|Any CPU
		{65E2AED9-1E86-4A8D-89DE-5EBF0855E592}.Debug|Any CPU.Build.0 = Debug|Any CPU
		{65E2AED9-1E86-4A8D-89DE-5EBF0855E592}.Release|Any CPU.ActiveCfg = Release|Any CPU
		{65E2AED9-1E86-4A8D-89DE-5EBF0855E592}.Release|Any CPU.Build.0 = Release|Any CPU
		{066363FA-B30F-4536-BB13-215FAD3082AE}.Debug|Any CPU.ActiveCfg = Debug|Any CPU
		{066363FA-B30F-4536-BB13-215FAD3082AE}.Debug|Any CPU.Build.0 = Debug|Any CPU
		{066363FA-B30F-4536-BB13-215FAD3082AE}.Release|Any CPU.ActiveCfg = Release|Any CPU
		{066363FA-B30F-4536-BB13-215FAD3082AE}.Release|Any CPU.Build.0 = Release|Any CPU
		{B0DB518F-B55B-49F9-A3CC-B1BEFB6F3FDD}.Debug|Any CPU.ActiveCfg = Debug|Any CPU
		{B0DB518F-B55B-49F9-A3CC-B1BEFB6F3FDD}.Debug|Any CPU.Build.0 = Debug|Any CPU
		{B0DB518F-B55B-49F9-A3CC-B1BEFB6F3FDD}.Release|Any CPU.ActiveCfg = Release|Any CPU
		{B0DB518F-B55B-49F9-A3CC-B1BEFB6F3FDD}.Release|Any CPU.Build.0 = Release|Any CPU
	EndGlobalSection
	GlobalSection(SolutionProperties) = preSolution
		HideSolutionNode = FALSE
	EndGlobalSection
	GlobalSection(NestedProjects) = preSolution
		{2D5CED1F-3AAF-43C0-BC20-D441B9408A8B} = {FC23C3FA-E9E9-469B-9E22-209C66FB413B}
		{934FD509-38CF-417D-9762-A796E11D7819} = {FC23C3FA-E9E9-469B-9E22-209C66FB413B}
		{8E0B454A-9458-4851-AC1E-AB5215512FBE} = {FC23C3FA-E9E9-469B-9E22-209C66FB413B}
		{7CADF5D1-56C2-48A5-AC2D-01C2663AF63B} = {FC23C3FA-E9E9-469B-9E22-209C66FB413B}
		{71B8D9CA-04F6-4E82-9B95-6410F5B60A7B} = {FC23C3FA-E9E9-469B-9E22-209C66FB413B}
		{E44FC4D3-EBE9-448C-8DCF-F40BF739C1CC} = {FC23C3FA-E9E9-469B-9E22-209C66FB413B}
		{E5C4C389-DC80-4B06-AEAE-68B767A86F64} = {E44FC4D3-EBE9-448C-8DCF-F40BF739C1CC}
		{434C0D36-69D2-4B7F-BFD0-72759DBD99D5} = {E44FC4D3-EBE9-448C-8DCF-F40BF739C1CC}
		{4A07AA14-D2CD-4B4C-BCB4-F38EC0C8C996} = {8E0B454A-9458-4851-AC1E-AB5215512FBE}
		{3761556E-1631-4B3F-94BA-233ED41C8D6B} = {7CADF5D1-56C2-48A5-AC2D-01C2663AF63B}
		{588F1259-7DCE-4BE4-AC73-3D28AD2C872D} = {934FD509-38CF-417D-9762-A796E11D7819}
		{271245B5-FAC6-4619-9669-3B665365456E} = {71B8D9CA-04F6-4E82-9B95-6410F5B60A7B}
		{EBEB23DF-592F-44DC-90D9-99BECB450E4F} = {71B8D9CA-04F6-4E82-9B95-6410F5B60A7B}
		{8EB0D66B-F715-46B9-89F2-C01B1B838892} = {71B8D9CA-04F6-4E82-9B95-6410F5B60A7B}
		{74CA410A-0209-417D-AE0D-0BAB9A7BF4E0} = {71B8D9CA-04F6-4E82-9B95-6410F5B60A7B}
		{40F7CACA-DF8D-43A2-833F-C5A6F6372C95} = {2D5CED1F-3AAF-43C0-BC20-D441B9408A8B}
		{7B1443F7-EF27-4D37-9835-E953F1F0F745} = {A1AA8DE0-69F0-4E4B-8ABA-BAF0F537ECA3}
		{8E26A108-A74C-40FB-A4D4-6E6CA5B7C19D} = {A1AA8DE0-69F0-4E4B-8ABA-BAF0F537ECA3}
		{65E2AED9-1E86-4A8D-89DE-5EBF0855E592} = {A1AA8DE0-69F0-4E4B-8ABA-BAF0F537ECA3}
		{066363FA-B30F-4536-BB13-215FAD3082AE} = {A1AA8DE0-69F0-4E4B-8ABA-BAF0F537ECA3}
		{B0DB518F-B55B-49F9-A3CC-B1BEFB6F3FDD} = {71B8D9CA-04F6-4E82-9B95-6410F5B60A7B}
		{A1AA8DE0-69F0-4E4B-8ABA-BAF0F537ECA3} = {FC23C3FA-E9E9-469B-9E22-209C66FB413B}
	EndGlobalSection
	GlobalSection(ExtensibilityGlobals) = postSolution
		SolutionGuid = {C156145C-FD15-4DF2-ABC5-A0C3D65A0F79}
	EndGlobalSection
EndGlobal
